
Microsoft Visual Studio Solution File, Format Version 12.00
# Visual Studio Version 17
VisualStudioVersion = 17.14.36414.22
MinimumVisualStudioVersion = 10.0.40219.1
Project("{FAE04EC0-301F-11D3-BF4B-00C04F79EFBC}") = "Deserializer", "Deserializer\Deserializer.csproj", "{BE549D40-47D6-46EC-B53E-A1B661083E9E}"
EndProject
Project("{FAE04EC0-301F-11D3-BF4B-00C04F79EFBC}") = "ZiGMa.Bl4.ItemSerialCodec", "ZiGMa.Bl4.ItemSerialCodec\ZiGMa.Bl4.ItemSerialCodec.csproj", "{4EB5888E-D967-4F52-B763-0920A78F3833}"
EndProject
Global
	GlobalSection(SolutionConfigurationPlatforms) = preSolution
		Debug|Any CPU = Debug|Any CPU
		Release|Any CPU = Release|Any CPU
	EndGlobalSection
	GlobalSection(ProjectConfigurationPlatforms) = postSolution
		{BE549D40-47D6-46EC-B53E-A1B661083E9E}.Debug|Any CPU.ActiveCfg = Debug|Any CPU
		{BE549D40-47D6-46EC-B53E-A1B661083E9E}.Debug|Any CPU.Build.0 = Debug|Any CPU
		{BE549D40-47D6-46EC-B53E-A1B661083E9E}.Release|Any CPU.ActiveCfg = Release|Any CPU
		{BE549D40-47D6-46EC-B53E-A1B661083E9E}.Release|Any CPU.Build.0 = Release|Any CPU
		{4EB5888E-D967-4F52-B763-0920A78F3833}.Debug|Any CPU.ActiveCfg = Debug|Any CPU
		{4EB5888E-D967-4F52-B763-0920A78F3833}.Debug|Any CPU.Build.0 = Debug|Any CPU
		{4EB5888E-D967-4F52-B763-0920A78F3833}.Release|Any CPU.ActiveCfg = Release|Any CPU
		{4EB5888E-D967-4F52-B763-0920A78F3833}.Release|Any CPU.Build.0 = Release|Any CPU
	EndGlobalSection
	GlobalSection(SolutionProperties) = preSolution
		HideSolutionNode = FALSE
	EndGlobalSection
	GlobalSection(ExtensibilityGlobals) = postSolution
		SolutionGuid = {5B9B8D73-00E9-43A3-9EF5-7B6FA243F6C8}
	EndGlobalSection
EndGlobal
